// !$*UTF8*$!
{
	archiveVersion = 1;
	classes = {
	};
	objectVersion = 50;
	objects = {

/* Begin PBXBuildFile section */
		3D04FE0D220007E7003D2AF6 /* DataModel.xcdatamodeld in Sources */ = {isa = PBXBuildFile; fileRef = 3D04FE0B220007E7003D2AF6 /* DataModel.xcdatamodeld */; };
		3D04FE302200105A003D2AF6 /* Database.swift in Sources */ = {isa = PBXBuildFile; fileRef = 3D04FE2F2200105A003D2AF6 /* Database.swift */; };
		3DA536BA21F5B6D1003EB02C /* AppDelegate.swift in Sources */ = {isa = PBXBuildFile; fileRef = 3DA536B921F5B6D1003EB02C /* AppDelegate.swift */; };
		3DA536BC21F5B6D1003EB02C /* ToDoListViewController.swift in Sources */ = {isa = PBXBuildFile; fileRef = 3DA536BB21F5B6D1003EB02C /* ToDoListViewController.swift */; };
		3DA536BF21F5B6D1003EB02C /* Main.storyboard in Resources */ = {isa = PBXBuildFile; fileRef = 3DA536BD21F5B6D1003EB02C /* Main.storyboard */; };
		3DA536C121F5B6D3003EB02C /* Assets.xcassets in Resources */ = {isa = PBXBuildFile; fileRef = 3DA536C021F5B6D3003EB02C /* Assets.xcassets */; };
		3DA536C421F5B6D3003EB02C /* LaunchScreen.storyboard in Resources */ = {isa = PBXBuildFile; fileRef = 3DA536C221F5B6D3003EB02C /* LaunchScreen.storyboard */; };
		3DFDEDD42212A05D003E23EC /* CategoryViewController.swift in Sources */ = {isa = PBXBuildFile; fileRef = 3DFDEDD32212A05D003E23EC /* CategoryViewController.swift */; };
/* End PBXBuildFile section */

/* Begin PBXFileReference section */
		3D04FE0C220007E7003D2AF6 /* DataModel.xcdatamodel */ = {isa = PBXFileReference; lastKnownFileType = wrapper.xcdatamodel; path = DataModel.xcdatamodel; sourceTree = "<group>"; };
		3D04FE2F2200105A003D2AF6 /* Database.swift */ = {isa = PBXFileReference; lastKnownFileType = sourcecode.swift; path = Database.swift; sourceTree = "<group>"; };
		3DA536B621F5B6D1003EB02C /* Todoey.app */ = {isa = PBXFileReference; explicitFileType = wrapper.application; includeInIndex = 0; path = Todoey.app; sourceTree = BUILT_PRODUCTS_DIR; };
		3DA536B921F5B6D1003EB02C /* AppDelegate.swift */ = {isa = PBXFileReference; lastKnownFileType = sourcecode.swift; path = AppDelegate.swift; sourceTree = "<group>"; };
		3DA536BB21F5B6D1003EB02C /* ToDoListViewController.swift */ = {isa = PBXFileReference; lastKnownFileType = sourcecode.swift; path = ToDoListViewController.swift; sourceTree = "<group>"; };
		3DA536BE21F5B6D1003EB02C /* Base */ = {isa = PBXFileReference; lastKnownFileType = file.storyboard; name = Base; path = Base.lproj/Main.storyboard; sourceTree = "<group>"; };
		3DA536C021F5B6D3003EB02C /* Assets.xcassets */ = {isa = PBXFileReference; lastKnownFileType = folder.assetcatalog; path = Assets.xcassets; sourceTree = "<group>"; };
		3DA536C321F5B6D3003EB02C /* Base */ = {isa = PBXFileReference; lastKnownFileType = file.storyboard; name = Base; path = Base.lproj/LaunchScreen.storyboard; sourceTree = "<group>"; };
		3DA536C521F5B6D3003EB02C /* Info.plist */ = {isa = PBXFileReference; lastKnownFileType = text.plist.xml; path = Info.plist; sourceTree = "<group>"; };
		3DFDEDD32212A05D003E23EC /* CategoryViewController.swift */ = {isa = PBXFileReference; lastKnownFileType = sourcecode.swift; path = CategoryViewController.swift; sourceTree = "<group>"; };
/* End PBXFileReference section */

/* Begin PBXFrameworksBuildPhase section */
		3DA536B321F5B6D1003EB02C /* Frameworks */ = {
			isa = PBXFrameworksBuildPhase;
			buildActionMask = 2147483647;
			files = (
			);
			runOnlyForDeploymentPostprocessing = 0;
		};
/* End PBXFrameworksBuildPhase section */

/* Begin PBXGroup section */
		3D04FE0721FFF042003D2AF6 /* Model */ = {
			isa = PBXGroup;
			children = (
				3D04FE2F2200105A003D2AF6 /* Database.swift */,
				3D04FE0B220007E7003D2AF6 /* DataModel.xcdatamodeld */,
			);
			path = Model;
			sourceTree = "<group>";
		};
		3D04FE0821FFF065003D2AF6 /* Controller */ = {
			isa = PBXGroup;
			children = (
				3DFDEDD32212A05D003E23EC /* CategoryViewController.swift */,
				3DA536BB21F5B6D1003EB02C /* ToDoListViewController.swift */,
			);
			path = Controller;
			sourceTree = "<group>";
		};
		3D04FE0921FFF06D003D2AF6 /* View */ = {
			isa = PBXGroup;
			children = (
				3DA536BD21F5B6D1003EB02C /* Main.storyboard */,
			);
			path = View;
			sourceTree = "<group>";
		};
		3D04FE0A21FFF07C003D2AF6 /* Supporting Files */ = {
			isa = PBXGroup;
			children = (
				3DA536C021F5B6D3003EB02C /* Assets.xcassets */,
				3DA536C221F5B6D3003EB02C /* LaunchScreen.storyboard */,
			);
			path = "Supporting Files";
			sourceTree = "<group>";
		};
		3DA536AD21F5B6D1003EB02C = {
			isa = PBXGroup;
			children = (
				3DA536B821F5B6D1003EB02C /* Todoey */,
				3DA536B721F5B6D1003EB02C /* Products */,
			);
			sourceTree = "<group>";
		};
		3DA536B721F5B6D1003EB02C /* Products */ = {
			isa = PBXGroup;
			children = (
				3DA536B621F5B6D1003EB02C /* Todoey.app */,
			);
			name = Products;
			sourceTree = "<group>";
		};
		3DA536B821F5B6D1003EB02C /* Todoey */ = {
			isa = PBXGroup;
			children = (
				3DA536B921F5B6D1003EB02C /* AppDelegate.swift */,
				3D04FE0721FFF042003D2AF6 /* Model */,
				3D04FE0821FFF065003D2AF6 /* Controller */,
				3D04FE0921FFF06D003D2AF6 /* View */,
				3D04FE0A21FFF07C003D2AF6 /* Supporting Files */,
				3DA536C521F5B6D3003EB02C /* Info.plist */,
			);
			path = Todoey;
			sourceTree = "<group>";
		};
/* End PBXGroup section */

/* Begin PBXNativeTarget section */
		3DA536B521F5B6D1003EB02C /* Todoey */ = {
			isa = PBXNativeTarget;
			buildConfigurationList = 3DA536C821F5B6D3003EB02C /* Build configuration list for PBXNativeTarget "Todoey" */;
			buildPhases = (
				3DA536B221F5B6D1003EB02C /* Sources */,
				3DA536B321F5B6D1003EB02C /* Frameworks */,
				3DA536B421F5B6D1003EB02C /* Resources */,
			);
			buildRules = (
			);
			dependencies = (
			);
			name = Todoey;
			productName = Todoey;
			productReference = 3DA536B621F5B6D1003EB02C /* Todoey.app */;
			productType = "com.apple.product-type.application";
		};
/* End PBXNativeTarget section */

/* Begin PBXProject section */
		3DA536AE21F5B6D1003EB02C /* Project object */ = {
			isa = PBXProject;
			attributes = {
				LastSwiftUpdateCheck = 1010;
				LastUpgradeCheck = 1010;
				ORGANIZATIONNAME = "Davis Barber";
				TargetAttributes = {
					3DA536B521F5B6D1003EB02C = {
						CreatedOnToolsVersion = 10.1;
					};
				};
			};
			buildConfigurationList = 3DA536B121F5B6D1003EB02C /* Build configuration list for PBXProject "Todoey" */;
			compatibilityVersion = "Xcode 9.3";
			developmentRegion = en;
			hasScannedForEncodings = 0;
			knownRegions = (
				en,
				Base,
			);
			mainGroup = 3DA536AD21F5B6D1003EB02C;
			productRefGroup = 3DA536B721F5B6D1003EB02C /* Products */;
			projectDirPath = "";
			projectRoot = "";
			targets = (
				3DA536B521F5B6D1003EB02C /* Todoey */,
			);
		};
/* End PBXProject section */

/* Begin PBXResourcesBuildPhase section */
		3DA536B421F5B6D1003EB02C /* Resources */ = {
			isa = PBXResourcesBuildPhase;
			buildActionMask = 2147483647;
			files = (
				3DA536C421F5B6D3003EB02C /* LaunchScreen.storyboard in Resources */,
				3DA536C121F5B6D3003EB02C /* Assets.xcassets in Resources */,
				3DA536BF21F5B6D1003EB02C /* Main.storyboard in Resources */,
			);
			runOnlyForDeploymentPostprocessing = 0;
		};
/* End PBXResourcesBuildPhase section */

/* Begin PBXSourcesBuildPhase section */
		3DA536B221F5B6D1003EB02C /* Sources */ = {
			isa = PBXSourcesBuildPhase;
			buildActionMask = 2147483647;
			files = (
				3DA536BC21F5B6D1003EB02C /* ToDoListViewController.swift in Sources */,
				3D04FE0D220007E7003D2AF6 /* DataModel.xcdatamodeld in Sources */,
				3DFDEDD42212A05D003E23EC /* CategoryViewController.swift in Sources */,
				3D04FE302200105A003D2AF6 /* Database.swift in Sources */,
				3DA536BA21F5B6D1003EB02C /* AppDelegate.swift in Sources */,
			);
			runOnlyForDeploymentPostprocessing = 0;
		};
/* End PBXSourcesBuildPhase section */

/* Begin PBXVariantGroup section */
		3DA536BD21F5B6D1003EB02C /* Main.storyboard */ = {
			isa = PBXVariantGroup;
			children = (
				3DA536BE21F5B6D1003EB02C /* Base */,
			);
			name = Main.storyboard;
			sourceTree = "<group>";
		};
		3DA536C221F5B6D3003EB02C /* LaunchScreen.storyboard */ = {
			isa = PBXVariantGroup;
			children = (
				3DA536C321F5B6D3003EB02C /* Base */,
			);
			name = LaunchScreen.storyboard;
			sourceTree = "<group>";
		};
/* End PBXVariantGroup section */

/* Begin XCBuildConfiguration section */
		3DA536C621F5B6D3003EB02C /* Debug */ = {
			isa = XCBuildConfiguration;
			buildSettings = {
				ALWAYS_SEARCH_USER_PATHS = NO;
				CLANG_ANALYZER_NONNULL = YES;
				CLANG_ANALYZER_NUMBER_OBJECT_CONVERSION = YES_AGGRESSIVE;
				CLANG_CXX_LANGUAGE_STANDARD = "gnu++14";
				CLANG_CXX_LIBRARY = "libc++";
				CLANG_ENABLE_MODULES = YES;
				CLANG_ENABLE_OBJC_ARC = YES;
				CLANG_ENABLE_OBJC_WEAK = YES;
				CLANG_WARN_BLOCK_CAPTURE_AUTORELEASING = YES;
				CLANG_WARN_BOOL_CONVERSION = YES;
				CLANG_WARN_COMMA = YES;
				CLANG_WARN_CONSTANT_CONVERSION = YES;
				CLANG_WARN_DEPRECATED_OBJC_IMPLEMENTATIONS = YES;
				CLANG_WARN_DIRECT_OBJC_ISA_USAGE = YES_ERROR;
				CLANG_WARN_DOCUMENTATION_COMMENTS = YES;
				CLANG_WARN_EMPTY_BODY = YES;
				CLANG_WARN_ENUM_CONVERSION = YES;
				CLANG_WARN_INFINITE_RECURSION = YES;
				CLANG_WARN_INT_CONVERSION = YES;
				CLANG_WARN_NON_LITERAL_NULL_CONVERSION = YES;
				CLANG_WARN_OBJC_IMPLICIT_RETAIN_SELF = YES;
				CLANG_WARN_OBJC_LITERAL_CONVERSION = YES;
				CLANG_WARN_OBJC_ROOT_CLASS = YES_ERROR;
				CLANG_WARN_RANGE_LOOP_ANALYSIS = YES;
				CLANG_WARN_STRICT_PROTOTYPES = YES;
				CLANG_WARN_SUSPICIOUS_MOVE = YES;
				CLANG_WARN_UNGUARDED_AVAILABILITY = YES_AGGRESSIVE;
				CLANG_WARN_UNREACHABLE_CODE = YES;
				CLANG_WARN__DUPLICATE_METHOD_MATCH = YES;
				CODE_SIGN_IDENTITY = "iPhone Developer";
				COPY_PHASE_STRIP = NO;
				DEBUG_INFORMATION_FORMAT = dwarf;
				ENABLE_STRICT_OBJC_MSGSEND = YES;
				ENABLE_TESTABILITY = YES;
				GCC_C_LANGUAGE_STANDARD = gnu11;
				GCC_DYNAMIC_NO_PIC = NO;
				GCC_NO_COMMON_BLOCKS = YES;
				GCC_OPTIMIZATION_LEVEL = 0;
				GCC_PREPROCESSOR_DEFINITIONS = (
					"DEBUG=1",
					"$(inherited)",
				);
				GCC_WARN_64_TO_32_BIT_CONVERSION = YES;
				GCC_WARN_ABOUT_RETURN_TYPE = YES_ERROR;
				GCC_WARN_UNDECLARED_SELECTOR = YES;
				GCC_WARN_UNINITIALIZED_AUTOS = YES_AGGRESSIVE;
				GCC_WARN_UNUSED_FUNCTION = YES;
				GCC_WARN_UNUSED_VARIABLE = YES;
				IPHONEOS_DEPLOYMENT_TARGET = 12.1;
				MTL_ENABLE_DEBUG_INFO = INCLUDE_SOURCE;
				MTL_FAST_MATH = YES;
				ONLY_ACTIVE_ARCH = YES;
				SDKROOT = iphoneos;
				SWIFT_ACTIVE_COMPILATION_CONDITIONS = DEBUG;
				SWIFT_OPTIMIZATION_LEVEL = "-Onone";
			};
			name = Debug;
		};
		3DA536C721F5B6D3003EB02C /* Release */ = {
			isa = XCBuildConfiguration;
			buildSettings = {
				ALWAYS_SEARCH_USER_PATHS = NO;
				CLANG_ANALYZER_NONNULL = YES;
				CLANG_ANALYZER_NUMBER_OBJECT_CONVERSION = YES_AGGRESSIVE;
				CLANG_CXX_LANGUAGE_STANDARD = "gnu++14";
				CLANG_CXX_LIBRARY = "libc++";
				CLANG_ENABLE_MODULES = YES;
				CLANG_ENABLE_OBJC_ARC = YES;
				CLANG_ENABLE_OBJC_WEAK = YES;
				CLANG_WARN_BLOCK_CAPTURE_AUTORELEASING = YES;
				CLANG_WARN_BOOL_CONVERSION = YES;
				CLANG_WARN_COMMA = YES;
				CLANG_WARN_CONSTANT_CONVERSION = YES;
				CLANG_WARN_DEPRECATED_OBJC_IMPLEMENTATIONS = YES;
				CLANG_WARN_DIRECT_OBJC_ISA_USAGE = YES_ERROR;
				CLANG_WARN_DOCUMENTATION_COMMENTS = YES;
				CLANG_WARN_EMPTY_BODY = YES;
				CLANG_WARN_ENUM_CONVERSION = YES;
				CLANG_WARN_INFINITE_RECURSION = YES;
				CLANG_WARN_INT_CONVERSION = YES;
				CLANG_WARN_NON_LITERAL_NULL_CONVERSION = YES;
				CLANG_WARN_OBJC_IMPLICIT_RETAIN_SELF = YES;
				CLANG_WARN_OBJC_LITERAL_CONVERSION = YES;
				CLANG_WARN_OBJC_ROOT_CLASS = YES_ERROR;
				CLANG_WARN_RANGE_LOOP_ANALYSIS = YES;
				CLANG_WARN_STRICT_PROTOTYPES = YES;
				CLANG_WARN_SUSPICIOUS_MOVE = YES;
				CLANG_WARN_UNGUARDED_AVAILABILITY = YES_AGGRESSIVE;
				CLANG_WARN_UNREACHABLE_CODE = YES;
				CLANG_WARN__DUPLICATE_METHOD_MATCH = YES;
				CODE_SIGN_IDENTITY = "iPhone Developer";
				COPY_PHASE_STRIP = NO;
				DEBUG_INFORMATION_FORMAT = "dwarf-with-dsym";
				ENABLE_NS_ASSERTIONS = NO;
				ENABLE_STRICT_OBJC_MSGSEND = YES;
				GCC_C_LANGUAGE_STANDARD = gnu11;
				GCC_NO_COMMON_BLOCKS = YES;
				GCC_WARN_64_TO_32_BIT_CONVERSION = YES;
				GCC_WARN_ABOUT_RETURN_TYPE = YES_ERROR;
				GCC_WARN_UNDECLARED_SELECTOR = YES;
				GCC_WARN_UNINITIALIZED_AUTOS = YES_AGGRESSIVE;
				GCC_WARN_UNUSED_FUNCTION = YES;
				GCC_WARN_UNUSED_VARIABLE = YES;
				IPHONEOS_DEPLOYMENT_TARGET = 12.1;
				MTL_ENABLE_DEBUG_INFO = NO;
				MTL_FAST_MATH = YES;
				SDKROOT = iphoneos;
				SWIFT_COMPILATION_MODE = wholemodule;
				SWIFT_OPTIMIZATION_LEVEL = "-O";
				VALIDATE_PRODUCT = YES;
			};
			name = Release;
		};
		3DA536C921F5B6D3003EB02C /* Debug */ = {
			isa = XCBuildConfiguration;
			buildSettings = {
				ASSETCATALOG_COMPILER_APPICON_NAME = AppIcon;
				CODE_SIGN_STYLE = Automatic;
				DEVELOPMENT_TEAM = FHME8BSA8U;
				INFOPLIST_FILE = Todoey/Info.plist;
				LD_RUNPATH_SEARCH_PATHS = (
					"$(inherited)",
					"@executable_path/Frameworks",
				);
				PRODUCT_BUNDLE_IDENTIFIER = com.dbarber.Todoey;
				PRODUCT_NAME = "$(TARGET_NAME)";
				SWIFT_VERSION = 4.2;
				TARGETED_DEVICE_FAMILY = "1,2";
			};
			name = Debug;
		};
		3DA536CA21F5B6D3003EB02C /* Release */ = {
			isa = XCBuildConfiguration;
			buildSettings = {
				ASSETCATALOG_COMPILER_APPICON_NAME = AppIcon;
				CODE_SIGN_STYLE = Automatic;
				DEVELOPMENT_TEAM = FHME8BSA8U;
				INFOPLIST_FILE = Todoey/Info.plist;
				LD_RUNPATH_SEARCH_PATHS = (
					"$(inherited)",
					"@executable_path/Frameworks",
				);
				PRODUCT_BUNDLE_IDENTIFIER = com.dbarber.Todoey;
				PRODUCT_NAME = "$(TARGET_NAME)";
				SWIFT_VERSION = 4.2;
				TARGETED_DEVICE_FAMILY = "1,2";
			};
			name = Release;
		};
/* End XCBuildConfiguration section */

/* Begin XCConfigurationList section */
		3DA536B121F5B6D1003EB02C /* Build configuration list for PBXProject "Todoey" */ = {
			isa = XCConfigurationList;
			buildConfigurations = (
				3DA536C621F5B6D3003EB02C /* Debug */,
				3DA536C721F5B6D3003EB02C /* Release */,
			);
			defaultConfigurationIsVisible = 0;
			defaultConfigurationName = Release;
		};
		3DA536C821F5B6D3003EB02C /* Build configuration list for PBXNativeTarget "Todoey" */ = {
			isa = XCConfigurationList;
			buildConfigurations = (
				3DA536C921F5B6D3003EB02C /* Debug */,
				3DA536CA21F5B6D3003EB02C /* Release */,
			);
			defaultConfigurationIsVisible = 0;
			defaultConfigurationName = Release;
		};
/* End XCConfigurationList section */

/* Begin XCVersionGroup section */
		3D04FE0B220007E7003D2AF6 /* DataModel.xcdatamodeld */ = {
			isa = XCVersionGroup;
			children = (
				3D04FE0C220007E7003D2AF6 /* DataModel.xcdatamodel */,
			);
			currentVersion = 3D04FE0C220007E7003D2AF6 /* DataModel.xcdatamodel */;
			path = DataModel.xcdatamodeld;
			sourceTree = "<group>";
			versionGroupType = wrapper.xcdatamodel;
		};
/* End XCVersionGroup section */
	};
	rootObject = 3DA536AE21F5B6D1003EB02C /* Project object */;
}
